# This file is generated by running "yarn install" inside your project.
# Manual changes might be lost - proceed with caution!

__metadata:
  version: 6
  cacheKey: 8

"@babel/helper-plugin-utils@npm:^7.8.0":
  version: 7.13.0
  resolution: "@babel/helper-plugin-utils@npm:7.13.0"
  checksum: 24f7a44e94662a5dc8bd98ab12625ccd96b11e789ef3f9efd4f6f0eeaf01a13b051a148e709fb1c4e1cacdb536987ea75f4b78509567a0117246ea917195a86b
  languageName: node
  linkType: hard

"@babel/plugin-syntax-object-rest-spread@npm:^7.8.3":
  version: 7.8.3
  resolution: "@babel/plugin-syntax-object-rest-spread@npm:7.8.3"
  dependencies:
    "@babel/helper-plugin-utils": ^7.8.0
  peerDependencies:
    "@babel/core": ^7.0.0-0
  checksum: fddcf581a57f77e80eb6b981b10658421bc321ba5f0a5b754118c6a92a5448f12a0c336f77b8abf734841e102e5126d69110a306eadb03ca3e1547cab31f5cbf
  languageName: node
  linkType: hard

"@jest/schemas@npm:^28.1.3":
  version: 28.1.3
  resolution: "@jest/schemas@npm:28.1.3"
  dependencies:
    "@sinclair/typebox": ^0.24.1
  checksum: 3cf1d4b66c9c4ffda58b246de1ddcba8e6ad085af63dccdf07922511f13b68c0cc480a7bc620cb4f3099a6f134801c747e1df7bfc7a4ef4dceefbdea3e31e1de
  languageName: node
  linkType: hard

"@sinclair/typebox@npm:^0.24.1":
  version: 0.24.27
  resolution: "@sinclair/typebox@npm:0.24.27"
  checksum: c283de9158c0206da3d1ebd7c5f994da0b1cf86df89674da7709850300ecdceb0d4c9680dccce84b60cdcc3d8858f54df8235b250ba092726fadb2bebe720bd1
  languageName: node
  linkType: hard

"@types/jest@npm:^28.1.6":
  version: 28.1.6
  resolution: "@types/jest@npm:28.1.6"
  dependencies:
    jest-matcher-utils: ^28.0.0
    pretty-format: ^28.0.0
  checksum: f2ba5fbefc8f44d1c16ee19d8d2811bca75754a2846e222287f2788d96062801c568215e6b81eb532a48e8cb2a7282729da1d4f6fb496831da8269c5abaad4c5
  languageName: node
  linkType: hard

"@types/node@npm:^18.6.3":
  version: 18.6.3
  resolution: "@types/node@npm:18.6.3"
  checksum: 38495b8fd27200d2b7ab9ccd8c1e2475d2411fba15330f2cba869a85ef79dd42382a2658c8dd298ace8c21ed3bfafcdea408faecd74928b144377d07d00e7c8c
  languageName: node
  linkType: hard

"@types/prop-types@npm:*":
  version: 15.7.5
  resolution: "@types/prop-types@npm:15.7.5"
  checksum: 5b43b8b15415e1f298243165f1d44390403bb2bd42e662bca3b5b5633fdd39c938e91b7fce3a9483699db0f7a715d08cef220c121f723a634972fdf596aec980
  languageName: node
  linkType: hard

"@types/react-dom@npm:^18.0.6":
  version: 18.0.6
  resolution: "@types/react-dom@npm:18.0.6"
  dependencies:
    "@types/react": "*"
  checksum: db571047af1a567631758700b9f7d143e566df939cfe5fbf7535347cc0c726a1cdbb5e3f8566d076e54cf708b6c1166689de194a9ba09ee35efc9e1d45911685
  languageName: node
  linkType: hard

"@types/react@npm:*, @types/react@npm:^18.0.15":
  version: 18.0.15
  resolution: "@types/react@npm:18.0.15"
  dependencies:
    "@types/prop-types": "*"
    "@types/scheduler": "*"
    csstype: ^3.0.2
  checksum: e22cc388d1c145aa184787e44dc28db4789976c704cd5db475c170bb76a560eb81def5f346cfe750949bb3d43ad88822b8cbb9f19b1286e3795892a8263e7715
  languageName: node
  linkType: hard

"@types/scheduler@npm:*":
  version: 0.16.2
  resolution: "@types/scheduler@npm:0.16.2"
  checksum: b6b4dcfeae6deba2e06a70941860fb1435730576d3689225a421280b7742318d1548b3d22c1f66ab68e414f346a9542f29240bc955b6332c5b11e561077583bc
  languageName: node
  linkType: hard

"ansi-regex@npm:^5.0.1":
  version: 5.0.1
  resolution: "ansi-regex@npm:5.0.1"
  checksum: 2aa4bb54caf2d622f1afdad09441695af2a83aa3fe8b8afa581d205e57ed4261c183c4d3877cee25794443fde5876417d859c108078ab788d6af7e4fe52eb66b
  languageName: node
  linkType: hard

"ansi-styles@npm:^4.1.0":
  version: 4.3.0
  resolution: "ansi-styles@npm:4.3.0"
  dependencies:
    color-convert: ^2.0.1
  checksum: 513b44c3b2105dd14cc42a19271e80f386466c4be574bccf60b627432f9198571ebf4ab1e4c3ba17347658f4ee1711c163d574248c0c1cdc2d5917a0ad582ec4
  languageName: node
  linkType: hard

"ansi-styles@npm:^5.0.0":
  version: 5.2.0
  resolution: "ansi-styles@npm:5.2.0"
  checksum: d7f4e97ce0623aea6bc0d90dcd28881ee04cba06c570b97fd3391bd7a268eedfd9d5e2dd4fdcbdd82b8105df5faf6f24aaedc08eaf3da898e702db5948f63469
  languageName: node
  linkType: hard

"chalk@npm:^4.0.0":
  version: 4.1.2
  resolution: "chalk@npm:4.1.2"
  dependencies:
    ansi-styles: ^4.1.0
    supports-color: ^7.1.0
  checksum: fe75c9d5c76a7a98d45495b91b2172fa3b7a09e0cc9370e5c8feb1c567b85c4288e2b3fded7cfdd7359ac28d6b3844feb8b82b8686842e93d23c827c417e83fc
  languageName: node
  linkType: hard

"color-convert@npm:^2.0.1":
  version: 2.0.1
  resolution: "color-convert@npm:2.0.1"
  dependencies:
    color-name: ~1.1.4
  checksum: 79e6bdb9fd479a205c71d89574fccfb22bd9053bd98c6c4d870d65c132e5e904e6034978e55b43d69fcaa7433af2016ee203ce76eeba9cfa554b373e7f7db336
  languageName: node
  linkType: hard

"color-name@npm:~1.1.4":
  version: 1.1.4
  resolution: "color-name@npm:1.1.4"
  checksum: b0445859521eb4021cd0fb0cc1a75cecf67fceecae89b63f62b201cca8d345baf8b952c966862a9d9a2632987d4f6581f0ec8d957dfacece86f0a7919316f610
  languageName: node
  linkType: hard

"csstype@npm:^3.0.2":
  version: 3.1.0
  resolution: "csstype@npm:3.1.0"
  checksum: 644e986cefab86525f0b674a06889cfdbb1f117e5b7d1ce0fc55b0423ecc58807a1ea42ecc75c4f18999d14fc42d1d255f84662a45003a52bb5840e977eb2ffd
  languageName: node
  linkType: hard

"diff-sequences@npm:^28.1.1":
  version: 28.1.1
  resolution: "diff-sequences@npm:28.1.1"
  checksum: e2529036505567c7ca5a2dea86b6bcd1ca0e3ae63bf8ebf529b8a99cfa915bbf194b7021dc1c57361a4017a6d95578d4ceb29fabc3232a4f4cb866a2726c7690
  languageName: node
  linkType: hard

"has-flag@npm:^4.0.0":
  version: 4.0.0
  resolution: "has-flag@npm:4.0.0"
  checksum: 261a1357037ead75e338156b1f9452c016a37dcd3283a972a30d9e4a87441ba372c8b81f818cd0fbcd9c0354b4ae7e18b9e1afa1971164aef6d18c2b6095a8ad
  languageName: node
  linkType: hard

"jest-diff@npm:^28.1.3":
  version: 28.1.3
  resolution: "jest-diff@npm:28.1.3"
  dependencies:
    chalk: ^4.0.0
    diff-sequences: ^28.1.1
    jest-get-type: ^28.0.2
    pretty-format: ^28.1.3
  checksum: fa8583e0ccbe775714ce850b009be1b0f6b17a4b6759f33ff47adef27942ebc610dbbcc8a5f7cfb7f12b3b3b05afc9fb41d5f766674616025032ff1e4f9866e0
  languageName: node
  linkType: hard

"jest-get-type@npm:^28.0.2":
  version: 28.0.2
  resolution: "jest-get-type@npm:28.0.2"
  checksum: 5281d7c89bc8156605f6d15784f45074f4548501195c26e9b188742768f72d40948252d13230ea905b5349038865a1a8eeff0e614cc530ff289dfc41fe843abd
  languageName: node
  linkType: hard

"jest-matcher-utils@npm:^28.0.0":
  version: 28.1.3
  resolution: "jest-matcher-utils@npm:28.1.3"
  dependencies:
    chalk: ^4.0.0
    jest-diff: ^28.1.3
    jest-get-type: ^28.0.2
    pretty-format: ^28.1.3
  checksum: 6b34f0cf66f6781e92e3bec97bf27796bd2ba31121e5c5997218d9adba6deea38a30df5203937d6785b68023ed95cbad73663cc9aad6fb0cb59aeb5813a58daf
  languageName: node
  linkType: hard

"js-tokens@npm:^3.0.0 || ^4.0.0":
  version: 4.0.0
  resolution: "js-tokens@npm:4.0.0"
  checksum: 8a95213a5a77deb6cbe94d86340e8d9ace2b93bc367790b260101d2f36a2eaf4e4e22d9fa9cf459b38af3a32fb4190e638024cf82ec95ef708680e405ea7cc78
  languageName: node
  linkType: hard

"loose-envify@npm:^1.1.0":
  version: 1.4.0
  resolution: "loose-envify@npm:1.4.0"
  dependencies:
    js-tokens: ^3.0.0 || ^4.0.0
  bin:
    loose-envify: cli.js
  checksum: 6517e24e0cad87ec9888f500c5b5947032cdfe6ef65e1c1936a0c48a524b81e65542c9c3edc91c97d5bddc806ee2a985dbc79be89215d613b1de5db6d1cfe6f4
  languageName: node
  linkType: hard

"object-assign@npm:^4.1.1":
  version: 4.1.1
  resolution: "object-assign@npm:4.1.1"
  checksum: fcc6e4ea8c7fe48abfbb552578b1c53e0d194086e2e6bbbf59e0a536381a292f39943c6e9628af05b5528aa5e3318bb30d6b2e53cadaf5b8fe9e12c4b69af23f
  languageName: node
  linkType: hard

"pretty-format@npm:^28.0.0, pretty-format@npm:^28.1.3":
  version: 28.1.3
  resolution: "pretty-format@npm:28.1.3"
  dependencies:
    "@jest/schemas": ^28.1.3
    ansi-regex: ^5.0.1
    ansi-styles: ^5.0.0
    react-is: ^18.0.0
  checksum: e69f857358a3e03d271252d7524bec758c35e44680287f36c1cb905187fbc82da9981a6eb07edfd8a03bc3cbeebfa6f5234c13a3d5b59f2bbdf9b4c4053e0a7f
  languageName: node
  linkType: hard

"react-dom@npm:^17.0.2":
  version: 17.0.2
  resolution: "react-dom@npm:17.0.2"
  dependencies:
    loose-envify: ^1.1.0
    object-assign: ^4.1.1
    scheduler: ^0.20.2
  peerDependencies:
    react: 17.0.2
  checksum: 1c1eaa3bca7c7228d24b70932e3d7c99e70d1d04e13bb0843bbf321582bc25d7961d6b8a6978a58a598af2af496d1cedcfb1bf65f6b0960a0a8161cb8dab743c
  languageName: node
  linkType: hard

"react-is@npm:^18.0.0":
  version: 18.2.0
  resolution: "react-is@npm:18.2.0"
  checksum: e72d0ba81b5922759e4aff17e0252bd29988f9642ed817f56b25a3e217e13eea8a7f2322af99a06edb779da12d5d636e9fda473d620df9a3da0df2a74141d53e
  languageName: node
  linkType: hard

"react-scripts@link:../node_modules/react-scripts::locator=use-react-state-example%40workspace%3A.":
  version: 0.0.0-use.local
  resolution: "react-scripts@link:../node_modules/react-scripts::locator=use-react-state-example%40workspace%3A."
  languageName: node
  linkType: soft

"react@link:../node_modules/react::locator=use-react-state-example%40workspace%3A.":
  version: 0.0.0-use.local
  resolution: "react@link:../node_modules/react::locator=use-react-state-example%40workspace%3A."
  languageName: node
  linkType: soft

"scheduler@npm:^0.20.2":
  version: 0.20.2
  resolution: "scheduler@npm:0.20.2"
  dependencies:
    loose-envify: ^1.1.0
    object-assign: ^4.1.1
  checksum: c4b35cf967c8f0d3e65753252d0f260271f81a81e427241295c5a7b783abf4ea9e905f22f815ab66676f5313be0a25f47be582254db8f9241b259213e999b8fc
  languageName: node
  linkType: hard

"supports-color@npm:^7.1.0":
  version: 7.2.0
  resolution: "supports-color@npm:7.2.0"
  dependencies:
    has-flag: ^4.0.0
  checksum: 3dda818de06ebbe5b9653e07842d9479f3555ebc77e9a0280caf5a14fb877ffee9ed57007c3b78f5a6324b8dbeec648d9e97a24e2ed9fdb81ddc69ea07100f4a
  languageName: node
  linkType: hard

"typescript@npm:^4.7.4":
  version: 4.7.4
  resolution: "typescript@npm:4.7.4"
  bin:
    tsc: bin/tsc
    tsserver: bin/tsserver
  checksum: 5750181b1cd7e6482c4195825547e70f944114fb47e58e4aa7553e62f11b3f3173766aef9c281783edfd881f7b8299cf35e3ca8caebe73d8464528c907a164df
  languageName: node
  linkType: hard

"typescript@patch:typescript@^4.7.4#~builtin<compat/typescript>":
  version: 4.7.4
  resolution: "typescript@patch:typescript@npm%3A4.7.4#~builtin<compat/typescript>::version=4.7.4&hash=f456af"
  bin:
    tsc: bin/tsc
    tsserver: bin/tsserver
  checksum: 9096d8f6c16cb80ef3bf96fcbbd055bf1c4a43bd14f3b7be45a9fbe7ada46ec977f604d5feed3263b4f2aa7d4c7477ce5f9cd87de0d6feedec69a983f3a4f93e
  languageName: node
  linkType: hard

"use-react-state-example@workspace:.":
  version: 0.0.0-use.local
  resolution: "use-react-state-example@workspace:."
  dependencies:
    "@babel/plugin-syntax-object-rest-spread": ^7.8.3
    "@types/jest": ^28.1.6
    "@types/node": ^18.6.3
    "@types/react": ^18.0.15
    "@types/react-dom": ^18.0.6
    react: "link:../node_modules/react"
    react-dom: ^17.0.2
    react-scripts: "link:../node_modules/react-scripts"
    typescript: ^4.7.4
    use-react-state: "link:.."
  languageName: unknown
  linkType: soft

"use-react-state@link:..::locator=use-react-state-example%40workspace%3A.":
  version: 0.0.0-use.local
  resolution: "use-react-state@link:..::locator=use-react-state-example%40workspace%3A."
  languageName: node
  linkType: soft
